
Microsoft Visual Studio Solution File, Format Version 12.00
# Visual Studio 15
VisualStudioVersion = 15.0.28307.168
MinimumVisualStudioVersion = 10.0.40219.1
Project("{FAE04EC0-301F-11D3-BF4B-00C04F79EFBC}") = "LifeGen", "LifeGen\LifeGen.csproj", "{BB2FE15B-1043-48F9-95DD-F0B4FFE93B37}"
EndProject
Project("{FAE04EC0-301F-11D3-BF4B-00C04F79EFBC}") = "LifeGenApi", "LifeGenApi\LifeGenApi.csproj", "{E39BD01D-B176-4802-88EC-3FCF3B8384A2}"
EndProject
Project("{FAE04EC0-301F-11D3-BF4B-00C04F79EFBC}") = "LifeGenCore", "LifeGenCore\LifeGenCore.csproj", "{61AA8E31-1B46-4AAD-95B6-1517E58B9300}"
EndProject
Project("{FAE04EC0-301F-11D3-BF4B-00C04F79EFBC}") = "LifeGenDal", "LifeGenDal\LifeGenDal.csproj", "{9F84090B-539E-423F-B951-0A5F88CB68C7}"
EndProject
Global
	GlobalSection(SolutionConfigurationPlatforms) = preSolution
		Debug|Any CPU = Debug|Any CPU
		Release|Any CPU = Release|Any CPU
	EndGlobalSection
	GlobalSection(ProjectConfigurationPlatforms) = postSolution
		{BB2FE15B-1043-48F9-95DD-F0B4FFE93B37}.Debug|Any CPU.ActiveCfg = Debug|Any CPU
		{BB2FE15B-1043-48F9-95DD-F0B4FFE93B37}.Debug|Any CPU.Build.0 = Debug|Any CPU
		{BB2FE15B-1043-48F9-95DD-F0B4FFE93B37}.Release|Any CPU.ActiveCfg = Release|Any CPU
		{BB2FE15B-1043-48F9-95DD-F0B4FFE93B37}.Release|Any CPU.Build.0 = Release|Any CPU
		{E39BD01D-B176-4802-88EC-3FCF3B8384A2}.Debug|Any CPU.ActiveCfg = Debug|Any CPU
		{E39BD01D-B176-4802-88EC-3FCF3B8384A2}.Debug|Any CPU.Build.0 = Debug|Any CPU
		{E39BD01D-B176-4802-88EC-3FCF3B8384A2}.Release|Any CPU.ActiveCfg = Release|Any CPU
		{E39BD01D-B176-4802-88EC-3FCF3B8384A2}.Release|Any CPU.Build.0 = Release|Any CPU
		{61AA8E31-1B46-4AAD-95B6-1517E58B9300}.Debug|Any CPU.ActiveCfg = Debug|Any CPU
		{61AA8E31-1B46-4AAD-95B6-1517E58B9300}.Debug|Any CPU.Build.0 = Debug|Any CPU
		{61AA8E31-1B46-4AAD-95B6-1517E58B9300}.Release|Any CPU.ActiveCfg = Release|Any CPU
		{61AA8E31-1B46-4AAD-95B6-1517E58B9300}.Release|Any CPU.Build.0 = Release|Any CPU
		{9F84090B-539E-423F-B951-0A5F88CB68C7}.Debug|Any CPU.ActiveCfg = Debug|Any CPU
		{9F84090B-539E-423F-B951-0A5F88CB68C7}.Debug|Any CPU.Build.0 = Debug|Any CPU
		{9F84090B-539E-423F-B951-0A5F88CB68C7}.Release|Any CPU.ActiveCfg = Release|Any CPU
		{9F84090B-539E-423F-B951-0A5F88CB68C7}.Release|Any CPU.Build.0 = Release|Any CPU
	EndGlobalSection
	GlobalSection(SolutionProperties) = preSolution
		HideSolutionNode = FALSE
	EndGlobalSection
	GlobalSection(ExtensibilityGlobals) = postSolution
		SolutionGuid = {C2503A62-84D9-440A-BFED-5D79A87299B0}
	EndGlobalSection
EndGlobal
